
Microsoft Visual Studio Solution File, Format Version 12.00
# Visual Studio 15
VisualStudioVersion = 15.0.26730.16
MinimumVisualStudioVersion = 10.0.40219.1
Project("{FAE04EC0-301F-11D3-BF4B-00C04F79EFBC}") = "CryptoCheckerWPF", "CryptoCheckerWPF\CryptoCheckerWPF.csproj", "{205C38F8-B5A5-4CD7-B1F5-AA881379E7DE}"
EndProject
Global
	GlobalSection(SolutionConfigurationPlatforms) = preSolution
		Debug|Any CPU = Debug|Any CPU
		Release|Any CPU = Release|Any CPU
	EndGlobalSection
	GlobalSection(ProjectConfigurationPlatforms) = postSolution
		{205C38F8-B5A5-4CD7-B1F5-AA881379E7DE}.Debug|Any CPU.ActiveCfg = Debug|Any CPU
		{205C38F8-B5A5-4CD7-B1F5-AA881379E7DE}.Debug|Any CPU.Build.0 = Debug|Any CPU
		{205C38F8-B5A5-4CD7-B1F5-AA881379E7DE}.Release|Any CPU.ActiveCfg = Release|Any CPU
		{205C38F8-B5A5-4CD7-B1F5-AA881379E7DE}.Release|Any CPU.Build.0 = Release|Any CPU
	EndGlobalSection
	GlobalSection(SolutionProperties) = preSolution
		HideSolutionNode = FALSE
	EndGlobalSection
	GlobalSection(ExtensibilityGlobals) = postSolution
		SolutionGuid = {6913C58E-823F-4DF8-8FD7-39379B9C282D}
	EndGlobalSection
EndGlobal
